# GENERATED by tools/modelhub/build_lock.py -- do not hand-edit. See DEPLOYMENT_PLAN.md section 7.2.
schema_version: 1
lm3_version: 3.0.0
hub_namespace: phyloforfun
generated_at: '2026-10-07T13:51:27+00:00'
default_formats:
- onnx
actions:
  archival_detector:
    required: true
    units:
    - repo_id: phyloforfun/lm3_archival_detector__yolo26x_det_1280
      revision: ac1542b98612e45efc576b9d0cc31431f39350cc
      model_key: yolo26x_det_1280
      files:
      - src: onnx/model.onnx
        dest: archival_detector/model.onnx
        format: onnx
        sha256: 07c08f4ca3b99dc885de165d405e39e2b58710684318aad6a26259576e28e8e1
        bytes: 223782290
        optional: false
      - src: torchscript/model.torchscript
        dest: archival_detector/model.torchscript
        format: torchscript
        sha256: 9f76d7e97a4fc4a15ae7a69d3bc3d764ed7688a7842cb168ac6e9fc737c6d417
        bytes: 223810789
        optional: false
      - src: pytorch/best.pt
        dest: archival_detector/best.pt
        format: pytorch
        sha256: ba396c69a00e75ffae237d007b8a5f082e0226355f6ec2b399385452550f153b
        bytes: 118463834
        optional: false
      - src: training_metadata.json
        dest: archival_detector/training_metadata.json
        format: meta
        sha256: 09324b10a0c9b515a14b4e2a291cea18af3cff513b94264431ec502e6143aa88
        bytes: 1738
        optional: true
  plant_detector:
    required: true
    units:
    - repo_id: phyloforfun/lm3_plant_detector__yolo26x_det_1280
      revision: 9316d71164f951aa65cc2256587c3280d9071193
      model_key: yolo26x_det_1280
      files:
      - src: onnx/model.onnx
        dest: plant_detector/model.onnx
        format: onnx
        sha256: 4a6b42b82e8e68d5760a18ff3205dfa3ec14470b3c2ace4af208448529edc4d8
        bytes: 223930905
        optional: false
      - src: torchscript/model.torchscript
        dest: plant_detector/model.torchscript
        format: torchscript
        sha256: 18270d8cc5ef46e30b24920a45f0defefc93795924936b9ac2506c9523d6c30f
        bytes: 223809509
        optional: false
      - src: pytorch/best.pt
        dest: plant_detector/best.pt
        format: pytorch
        sha256: da5c059288ea5a93840d3a5b43772c56e2e05b07691ffe4c849f6db595bcfb70
        bytes: 118453530
        optional: false
      - src: training_metadata.json
        dest: plant_detector/training_metadata.json
        format: meta
        sha256: 84df88d62d51c6e8fdab20e6f3d88daa9c7ce51ae507b8ab2f762681ecde587e
        bytes: 1758
        optional: true
  landmark_detector:
    required: true
    units:
    - repo_id: phyloforfun/lm3_landmark_detector__yolo26x_pose_640
      revision: a04db73a696220940d49511362addfe6e7e6768b
      model_key: yolo26x_pose_640
      files:
      - src: onnx/model.onnx
        dest: landmark_detector/model.onnx
        format: onnx
        sha256: ccb1460690e2060c1db819882f74db2366ef1a49f8b325d25aee378573364104
        bytes: 237006542
        optional: false
      - src: torchscript/model.torchscript
        dest: landmark_detector/model.torchscript
        format: torchscript
        sha256: 28a3a4762b0b33e7966a50d32d6ae32ce1b44fc3714838acbc8b6c13d162f2f0
        bytes: 236973801
        optional: false
      - src: pytorch/best.pt
        dest: landmark_detector/best.pt
        format: pytorch
        sha256: 6a53ae4a8fa10826eab657207ee9736d60da34b1e1c9909f93eb4a45f59fb1e6
        bytes: 132134450
        optional: false
      - src: training_metadata.json
        dest: landmark_detector/training_metadata.json
        format: meta
        sha256: e3d2f290653e2539e5c26c6e6011159f3ef8c60fd975d6220e64dd35d5ae5f7e
        bytes: 3344
        optional: true
  leaf_segmenter:
    required: true
    units:
    - repo_id: phyloforfun/lm3_leaf_segmenter__yolo26x_seg_1024
      revision: e89e1b9a56a7b2b9e98b37f50644fe936acf73ae
      model_key: yolo26x_seg_1024
      files:
      - src: onnx/model.onnx
        dest: leaf_segmenter/model.onnx
        format: onnx
        sha256: 4458b03096f69add0578640ba96efca8692c01507d5b8e50cd7f30781f19907e
        bytes: 251494834
        optional: false
      - src: torchscript/model.torchscript
        dest: leaf_segmenter/model.torchscript
        format: torchscript
        sha256: b1620f98ba8676ee10e8d17704bc9fb7fcb4eb2c424798618cf7b3af90735688
        bytes: 252051743
        optional: false
      - src: pytorch/best.pt
        dest: leaf_segmenter/best.pt
        format: pytorch
        sha256: 4d0378d4976a7111434abb3c495f45a25c04a23d44327a0026b8a2839be21315
        bytes: 141764670
        optional: false
      - src: training_metadata.json
        dest: leaf_segmenter/training_metadata.json
        format: meta
        sha256: 0eae35356756039c00d27b58deda925b9a789fd70b6c996d724a7062d1d774a5
        bytes: 1998
        optional: true
  specimen_segmenter:
    required: true
    units:
    - repo_id: phyloforfun/lm3_specimen_segmenter__unetpp_effb7_1024
      revision: 88590ba1424f561b06de74c48692262403074e41
      model_key: unetpp_effb7_1024
      files:
      - src: onnx/model.onnx
        dest: specimen_segmenter/unet_masksFromSam3_paperclean_control_1024.onnx
        format: onnx
        sha256: 170750836d22700e8c61f2b106f9ace645d2ca8c9a3d0656ea660120f2f5d3f6
        bytes: 265719233
        optional: false
      - src: torchscript/model.torchscript.pt
        dest: specimen_segmenter/unet_masksFromSam3_paperclean_control_1024.torchscript.pt
        format: torchscript
        sha256: 716b172500e3ba736c968497f38546346887068460ec2ca1aa5f3e3cd302c5ce
        bytes: 275962164
        optional: false
      - src: pytorch/best.pt
        dest: specimen_segmenter/best.pt
        format: pytorch
        sha256: 3264ba901e173485ea45ae247c67f3042fbdf5ab14f41624bdd9e3f769d87c42
        bytes: 548646686
        optional: false
      - src: training_metadata.json
        dest: specimen_segmenter/training_metadata.json
        format: meta
        sha256: 69466f9587cbf2679dae53f7553e9e9ba420e9b783e585fcc188358d6e148049
        bytes: 4958
        optional: true
  mp_conversion_factor:
    required: true
    units:
    - repo_id: phyloforfun/lm3_mp_conversion_factor__sqrt_fit
      revision: 3b03c05c6c140f724e65561d825970264c14f97d
      model_key: sqrt_fit
      files:
      - src: json/model.json
        dest: mp_conversion_factor/model.json
        format: meta
        sha256: 2b5f01bc812bdfbd17538342282492c07ecccc2da0c297126e9323dece9c3fd8
        bytes: 513
        optional: false
  ruler_classifier:
    required: true
    units:
    - repo_id: phyloforfun/lm3_ruler_classifier_ensemble__yolo26x_cls_224
      revision: 020720ff170951b1e14be99f23b13fee83da961b
      model_key: yolo26x_cls_224
      files:
      - src: onnx/model.onnx
        dest: ruler_classifier/yolo26x_cls_224/exported/model.onnx
        format: onnx
        sha256: ea7cfedd3fc2fc493417dbbf8322cd0afd1462b2bd2c92294a520164f03f99ab
        bytes: 113623077
        optional: false
      - src: pytorch/best.pt
        dest: ruler_classifier/yolo26x_cls_224/weights/best.pt
        format: pytorch
        sha256: f5ce4f4884ed1b2fd721323744133f7ee0d9b0b0453f720a38ab2d83b765acab
        bytes: 57052209
        optional: false
      - src: training_metadata.json
        dest: ruler_classifier/yolo26x_cls_224/metadata.json
        format: meta
        sha256: cb2b1f7ba0ac74acb0bfb0e19d4b8d41b827f41ae4d895adcc6c34960706bc8e
        bytes: 1112
        optional: false
      - src: label_map.json
        dest: ruler_classifier/label_map.json
        format: meta
        sha256: b926e1a864e906b322e25d188421af8831cc2aa85aebf899f30e5bba73c1ea10
        bytes: 1311
        optional: false
    - repo_id: phyloforfun/lm3_ruler_classifier_ensemble__yolo26n_cls_224
      revision: f90297a12c786c3eaa9217da8bf6c54f46ce3150
      model_key: yolo26n_cls_224
      files:
      - src: onnx/model.onnx
        dest: ruler_classifier/yolo26n_cls_224/exported/model.onnx
        format: onnx
        sha256: 6402d5cb1510f594eb9d27f9153ea38a8f295e022c2b5659128aaf49abbee12d
        bytes: 6299230
        optional: false
      - src: pytorch/best.pt
        dest: ruler_classifier/yolo26n_cls_224/weights/best.pt
        format: pytorch
        sha256: 1e5af524dec32e35d4341b5d189fb5ba1e228e385654fe754e49588769536880
        bytes: 3234619
        optional: false
      - src: training_metadata.json
        dest: ruler_classifier/yolo26n_cls_224/metadata.json
        format: meta
        sha256: 10cd345b5d356c063430e1b90445f553f54151b2157073984059f45dd972c324
        bytes: 1112
        optional: false
    - repo_id: phyloforfun/lm3_ruler_classifier_ensemble__dinov2_frozen_mlp
      revision: 2b1820cb3d26c0ffc3a96d54b89eec2503cf293d
      model_key: dinov2_frozen_mlp
      files:
      - src: onnx/model.onnx
        dest: ruler_classifier/dinov2_frozen_mlp/exported/model.onnx
        format: onnx
        sha256: 1b3ef0758bf42122d92d6216002731f3864376cb3e6349edbf69870cbdc08fff
        bytes: 348237768
        optional: false
      - src: pytorch/ckpt_best.pt
        dest: ruler_classifier/dinov2_frozen_mlp/weights/ckpt_best.pt
        format: pytorch
        sha256: b958bac1029397f4b613510ab39fab082439efda6774ebe15d9fc7f313799a17
        bytes: 348027770
        optional: false
      - src: training_metadata.json
        dest: ruler_classifier/dinov2_frozen_mlp/metadata.json
        format: meta
        sha256: 7eb88033f1cce3ac5e6bd3ff8213de0fd56019635670ebc43ffacc4d8d7e8db1
        bytes: 556
        optional: false
alternates:
  specimen_segmenter:
    birefnet_hr_swinl_1024:
      units:
      - repo_id: phyloforfun/lm3_specimen_segmenter__birefnet_hr_swinl_1024
        revision: a382847a04b77604f4fe5fc81e329457853f1298
        model_key: birefnet_hr_swinl_1024
        files:
        - src: onnx/model.onnx
          dest: specimen_segmenter/birefnet_hr_swinl_1024/model.onnx
          format: onnx
          sha256: 823aa6a01693ee2db21b9dcae160c65ada841195d86460998e2cac76cf368e58
          bytes: 972595136
          optional: false
        - src: pytorch/epoch_145.pth
          dest: specimen_segmenter/birefnet_hr_swinl_1024/epoch_145.pth
          format: pytorch
          sha256: bf52db13f82a215a62ed71448fda81e069c64c05dfaa24c974b395fa6a8e60d7
          bytes: 885097082
          optional: false
        - src: training_metadata.json
          dest: specimen_segmenter/birefnet_hr_swinl_1024/training_metadata.json
          format: meta
          sha256: 5d34246ed0634bad185c5c2e6e57b8380bd81481076727c9fe6c17e8dea5af5c
          bytes: 7120
          optional: true
    yolo26x_seg_1280:
      units:
      - repo_id: phyloforfun/lm3_specimen_segmenter__yolo26x_seg_1280
        revision: 6ff63ee34a4b1db1ae377e9863b70c6f0cdd8782
        model_key: yolo26x_seg_1280
        files:
        - src: onnx/model.onnx
          dest: specimen_segmenter/yolo26x_seg_1280/model.onnx
          format: onnx
          sha256: 7caff0d61901ba0c9b651798e55f4e671af4b9faedf89d5042c4e7279dd1623c
          bytes: 251692347
          optional: false
        - src: torchscript/model.torchscript
          dest: specimen_segmenter/yolo26x_seg_1280/model.torchscript
          format: torchscript
          sha256: bdd44d655d2fef3f8da7069ce489e24b9e985999f452ec16dd5863cba0dc15e4
          bytes: 252187679
          optional: false
        - src: pytorch/best.pt
          dest: specimen_segmenter/yolo26x_seg_1280/best.pt
          format: pytorch
          sha256: 89d2d9f30fa4d351e8e6af4c3169d96c5e56cc73b754fdea2cbbe748993bd0d3
          bytes: 141815678
          optional: false
        - src: training_metadata.json
          dest: specimen_segmenter/yolo26x_seg_1280/training_metadata.json
          format: meta
          sha256: 15fd52a6f2290a6269ca5968b482187f1fda82f0768cf4d251a353d004ae833d
          bytes: 7405
          optional: true
  archival_detector:
    yolo26n_det_640:
      settings:
        imgsz: 640
      units:
      - repo_id: phyloforfun/lm3_archival_detector__yolo26n_det_640
        revision: fe267b3a0ec40d62db3e9accd5e5ce3570c3f1dd
        model_key: yolo26n_det_640
        files:
        - src: onnx/model.onnx
          dest: archival_detector/yolo26n_det_640/model.onnx
          format: onnx
          sha256: 7cc13ae1b144b859e6e8ca1df8b9cfe68c68444643e247a1ec39294162d98861
          bytes: 10286265
          optional: false
        - src: torchscript/model.torchscript
          dest: archival_detector/yolo26n_det_640/model.torchscript
          format: torchscript
          sha256: 10c52281ca63e550aecc5c6f0e12900fbfee96735dc1083496ca92a789aa2519
          bytes: 10115561
          optional: false
        - src: pytorch/best.pt
          dest: archival_detector/yolo26n_det_640/best.pt
          format: pytorch
          sha256: ce82eb7a04ebdf70cd16b2fe82429dbc2e4977d6b07ac80d3a1937acb2f29133
          bytes: 5420153
          optional: false
        - src: training_metadata.json
          dest: archival_detector/yolo26n_det_640/training_metadata.json
          format: meta
          sha256: addebed5a4e3d551ed85e72da24a674a4bb91c8a3bf6ba5cce885b6be418b79a
          bytes: 1735
          optional: true
  plant_detector:
    yolo26n_det_640:
      settings:
        imgsz: 640
      units:
      - repo_id: phyloforfun/lm3_plant_detector__yolo26n_det_640
        revision: d7e611e89242bd524e38c371be88f77d2ef8570a
        model_key: yolo26n_det_640
        files:
        - src: onnx/model.onnx
          dest: plant_detector/yolo26n_det_640/model.onnx
          format: onnx
          sha256: 021d465933663431bd28039fb3ec661d1474c4e47d468938335a3573085d3a1d
          bytes: 10591402
          optional: false
        - src: torchscript/model.torchscript
          dest: plant_detector/yolo26n_det_640/model.torchscript
          format: torchscript
          sha256: 110480159cf892ebaf4c5a265f04b3ee7f3798c2f9fb76341aa0a2450a8a1ae7
          bytes: 10114665
          optional: false
        - src: pytorch/best.pt
          dest: plant_detector/yolo26n_det_640/best.pt
          format: pytorch
          sha256: 60d4d356a12c77a2df37a4ba9a34899e406d0bb94fc9ed5ae6ec3962b1945d43
          bytes: 5414905
          optional: false
        - src: training_metadata.json
          dest: plant_detector/yolo26n_det_640/training_metadata.json
          format: meta
          sha256: f89e4eb657159b02f650b03c67d9b3b17f85e4a03e509ccad99797470a82e477
          bytes: 1756
          optional: true
