# GENERATED by tools/modelhub/build_lock.py -- do not hand-edit. See DEPLOYMENT_PLAN.md section 7.2.
schema_version: 1
lm3_version: 3.0.0
hub_namespace: phyloforfun
generated_at: '2026-10-07T15:48:01+00:00'
default_formats:
- onnx
actions:
  archival_detector:
    required: true
    units:
    - repo_id: phyloforfun/lm3_archival_detector__yolo26x_det_1280
      revision: 519b73c6c5bf60ec83bcc5ac4d44ed2d478408bb
      model_key: yolo26x_det_1280
      files:
      - src: onnx/model.onnx
        dest: archival_detector/model.onnx
        format: onnx
        sha256: 69bd256bf876444b57955d8b4a3ee34ce5f18a37d5282f703d1294bf39c5a631
        bytes: 222941072
        optional: false
      - src: torchscript/model.torchscript
        dest: archival_detector/model.torchscript
        format: torchscript
        sha256: 9f76d7e97a4fc4a15ae7a69d3bc3d764ed7688a7842cb168ac6e9fc737c6d417
        bytes: 223810789
        optional: false
      - src: pytorch/best.pt
        dest: archival_detector/best.pt
        format: pytorch
        sha256: ba396c69a00e75ffae237d007b8a5f082e0226355f6ec2b399385452550f153b
        bytes: 118463834
        optional: false
      - src: training_metadata.json
        dest: archival_detector/training_metadata.json
        format: meta
        sha256: 09324b10a0c9b515a14b4e2a291cea18af3cff513b94264431ec502e6143aa88
        bytes: 1738
        optional: true
  plant_detector:
    required: true
    units:
    - repo_id: phyloforfun/lm3_plant_detector__yolo26x_det_1280
      revision: 2f36f0e890e1eac5e57fe374acf7c9a3a8b3257d
      model_key: yolo26x_det_1280
      files:
      - src: onnx/model.onnx
        dest: plant_detector/model.onnx
        format: onnx
        sha256: 3537bbe8a30c0149fbf8aab5e83d9e52f077840c891c9878ea4a1d31adfa94a6
        bytes: 222957239
        optional: false
      - src: torchscript/model.torchscript
        dest: plant_detector/model.torchscript
        format: torchscript
        sha256: 18270d8cc5ef46e30b24920a45f0defefc93795924936b9ac2506c9523d6c30f
        bytes: 223809509
        optional: false
      - src: pytorch/best.pt
        dest: plant_detector/best.pt
        format: pytorch
        sha256: da5c059288ea5a93840d3a5b43772c56e2e05b07691ffe4c849f6db595bcfb70
        bytes: 118453530
        optional: false
      - src: training_metadata.json
        dest: plant_detector/training_metadata.json
        format: meta
        sha256: 84df88d62d51c6e8fdab20e6f3d88daa9c7ce51ae507b8ab2f762681ecde587e
        bytes: 1758
        optional: true
  landmark_detector:
    required: true
    units:
    - repo_id: phyloforfun/lm3_landmark_detector__yolo26x_pose_640
      revision: 11d8ef0b5d75214e3a0c6370e27f18f01116ee12
      model_key: yolo26x_pose_640
      files:
      - src: onnx/model.onnx
        dest: landmark_detector/model.onnx
        format: onnx
        sha256: 1d1b81d4f2912dc58edb6c95a06555d1bc05ac63e603ec62b5c28064c60678e6
        bytes: 236379651
        optional: false
      - src: torchscript/model.torchscript
        dest: landmark_detector/model.torchscript
        format: torchscript
        sha256: 28a3a4762b0b33e7966a50d32d6ae32ce1b44fc3714838acbc8b6c13d162f2f0
        bytes: 236973801
        optional: false
      - src: pytorch/best.pt
        dest: landmark_detector/best.pt
        format: pytorch
        sha256: 6a53ae4a8fa10826eab657207ee9736d60da34b1e1c9909f93eb4a45f59fb1e6
        bytes: 132134450
        optional: false
      - src: training_metadata.json
        dest: landmark_detector/training_metadata.json
        format: meta
        sha256: e3d2f290653e2539e5c26c6e6011159f3ef8c60fd975d6220e64dd35d5ae5f7e
        bytes: 3344
        optional: true
  leaf_segmenter:
    required: true
    units:
    - repo_id: phyloforfun/lm3_leaf_segmenter__yolo26x_seg_1024
      revision: 64331bb7685863c7b3e8453cd2dfcc8a98724907
      model_key: yolo26x_seg_1024
      files:
      - src: onnx/model.onnx
        dest: leaf_segmenter/model.onnx
        format: onnx
        sha256: 6ae1521aeacd900aa84f3a1a2ec36112ac2a6675f2f1167e7cb24e370d0a26de
        bytes: 251223453
        optional: false
      - src: torchscript/model.torchscript
        dest: leaf_segmenter/model.torchscript
        format: torchscript
        sha256: b1620f98ba8676ee10e8d17704bc9fb7fcb4eb2c424798618cf7b3af90735688
        bytes: 252051743
        optional: false
      - src: pytorch/best.pt
        dest: leaf_segmenter/best.pt
        format: pytorch
        sha256: 4d0378d4976a7111434abb3c495f45a25c04a23d44327a0026b8a2839be21315
        bytes: 141764670
        optional: false
      - src: training_metadata.json
        dest: leaf_segmenter/training_metadata.json
        format: meta
        sha256: 0eae35356756039c00d27b58deda925b9a789fd70b6c996d724a7062d1d774a5
        bytes: 1998
        optional: true
  specimen_segmenter:
    required: true
    units:
    - repo_id: phyloforfun/lm3_specimen_segmenter__unetpp_effb7_1024
      revision: 88590ba1424f561b06de74c48692262403074e41
      model_key: unetpp_effb7_1024
      files:
      - src: onnx/model.onnx
        dest: specimen_segmenter/unet_masksFromSam3_paperclean_control_1024.onnx
        format: onnx
        sha256: 170750836d22700e8c61f2b106f9ace645d2ca8c9a3d0656ea660120f2f5d3f6
        bytes: 265719233
        optional: false
      - src: torchscript/model.torchscript.pt
        dest: specimen_segmenter/unet_masksFromSam3_paperclean_control_1024.torchscript.pt
        format: torchscript
        sha256: 716b172500e3ba736c968497f38546346887068460ec2ca1aa5f3e3cd302c5ce
        bytes: 275962164
        optional: false
      - src: pytorch/best.pt
        dest: specimen_segmenter/best.pt
        format: pytorch
        sha256: 3264ba901e173485ea45ae247c67f3042fbdf5ab14f41624bdd9e3f769d87c42
        bytes: 548646686
        optional: false
      - src: training_metadata.json
        dest: specimen_segmenter/training_metadata.json
        format: meta
        sha256: 69466f9587cbf2679dae53f7553e9e9ba420e9b783e585fcc188358d6e148049
        bytes: 4958
        optional: true
  mp_conversion_factor:
    required: true
    units:
    - repo_id: phyloforfun/lm3_mp_conversion_factor__sqrt_fit
      revision: 3b03c05c6c140f724e65561d825970264c14f97d
      model_key: sqrt_fit
      files:
      - src: json/model.json
        dest: mp_conversion_factor/model.json
        format: meta
        sha256: 2b5f01bc812bdfbd17538342282492c07ecccc2da0c297126e9323dece9c3fd8
        bytes: 513
        optional: false
      - src: fit/fit_data.csv
        dest: mp_conversion_factor/fit_data.csv
        format: meta
        sha256: 4579bfb28cb4d9fa246392052c638f89c3cf509462084b3080604452ba437760
        bytes: 53371
        optional: true
      - src: fit/fit_mp_cf.py
        dest: mp_conversion_factor/fit_mp_cf.py
        format: meta
        sha256: ece858c597e3a45c36bca7407e02b096b0bf7f762e4b10fdb5b23543bff751ee
        bytes: 4742
        optional: true
  ruler_classifier:
    required: true
    units:
    - repo_id: phyloforfun/lm3_ruler_classifier_ensemble__yolo26x_cls_224
      revision: 020720ff170951b1e14be99f23b13fee83da961b
      model_key: yolo26x_cls_224
      files:
      - src: onnx/model.onnx
        dest: ruler_classifier/yolo26x_cls_224/exported/model.onnx
        format: onnx
        sha256: ea7cfedd3fc2fc493417dbbf8322cd0afd1462b2bd2c92294a520164f03f99ab
        bytes: 113623077
        optional: false
      - src: pytorch/best.pt
        dest: ruler_classifier/yolo26x_cls_224/weights/best.pt
        format: pytorch
        sha256: f5ce4f4884ed1b2fd721323744133f7ee0d9b0b0453f720a38ab2d83b765acab
        bytes: 57052209
        optional: false
      - src: training_metadata.json
        dest: ruler_classifier/yolo26x_cls_224/metadata.json
        format: meta
        sha256: cb2b1f7ba0ac74acb0bfb0e19d4b8d41b827f41ae4d895adcc6c34960706bc8e
        bytes: 1112
        optional: false
      - src: label_map.json
        dest: ruler_classifier/label_map.json
        format: meta
        sha256: b926e1a864e906b322e25d188421af8831cc2aa85aebf899f30e5bba73c1ea10
        bytes: 1311
        optional: false
    - repo_id: phyloforfun/lm3_ruler_classifier_ensemble__yolo26n_cls_224
      revision: f90297a12c786c3eaa9217da8bf6c54f46ce3150
      model_key: yolo26n_cls_224
      files:
      - src: onnx/model.onnx
        dest: ruler_classifier/yolo26n_cls_224/exported/model.onnx
        format: onnx
        sha256: 6402d5cb1510f594eb9d27f9153ea38a8f295e022c2b5659128aaf49abbee12d
        bytes: 6299230
        optional: false
      - src: pytorch/best.pt
        dest: ruler_classifier/yolo26n_cls_224/weights/best.pt
        format: pytorch
        sha256: 1e5af524dec32e35d4341b5d189fb5ba1e228e385654fe754e49588769536880
        bytes: 3234619
        optional: false
      - src: training_metadata.json
        dest: ruler_classifier/yolo26n_cls_224/metadata.json
        format: meta
        sha256: 10cd345b5d356c063430e1b90445f553f54151b2157073984059f45dd972c324
        bytes: 1112
        optional: false
    - repo_id: phyloforfun/lm3_ruler_classifier_ensemble__dinov2_frozen_mlp
      revision: 32eaa978ed8dafbefc7151aa08ba4ecf7f70cf40
      model_key: dinov2_frozen_mlp
      files:
      - src: onnx/model.onnx
        dest: ruler_classifier/dinov2_frozen_mlp/exported/model.onnx
        format: onnx
        sha256: 9f95b7a1f1658764d052e513c5c72f29ac3e0dc3b53d3b03f54df595480c1ffe
        bytes: 348207513
        optional: false
      - src: pytorch/ckpt_best.pt
        dest: ruler_classifier/dinov2_frozen_mlp/weights/ckpt_best.pt
        format: pytorch
        sha256: b958bac1029397f4b613510ab39fab082439efda6774ebe15d9fc7f313799a17
        bytes: 348027770
        optional: false
      - src: training_metadata.json
        dest: ruler_classifier/dinov2_frozen_mlp/metadata.json
        format: meta
        sha256: 7eb88033f1cce3ac5e6bd3ff8213de0fd56019635670ebc43ffacc4d8d7e8db1
        bytes: 556
        optional: false
alternates:
  specimen_segmenter:
    birefnet_hr_swinl_1024:
      units:
      - repo_id: phyloforfun/lm3_specimen_segmenter__birefnet_hr_swinl_1024
        revision: ac015972d111e63a76f3814fa4409a318c33d512
        model_key: birefnet_hr_swinl_1024
        files:
        - src: onnx/model.onnx
          dest: specimen_segmenter/birefnet_hr_swinl_1024/model.onnx
          format: onnx
          sha256: 823aa6a01693ee2db21b9dcae160c65ada841195d86460998e2cac76cf368e58
          bytes: 972595136
          optional: false
        - src: pytorch/epoch_145.pth
          dest: specimen_segmenter/birefnet_hr_swinl_1024/epoch_145.pth
          format: pytorch
          sha256: bf52db13f82a215a62ed71448fda81e069c64c05dfaa24c974b395fa6a8e60d7
          bytes: 885097082
          optional: false
        - src: training_metadata.json
          dest: specimen_segmenter/birefnet_hr_swinl_1024/training_metadata.json
          format: meta
          sha256: 5d34246ed0634bad185c5c2e6e57b8380bd81481076727c9fe6c17e8dea5af5c
          bytes: 7120
          optional: true
    yolo26x_seg_1280:
      units:
      - repo_id: phyloforfun/lm3_specimen_segmenter__yolo26x_seg_1280
        revision: a990ed8ae5d164a1665cc98e2108380879e1a9dc
        model_key: yolo26x_seg_1280
        files:
        - src: onnx/model.onnx
          dest: specimen_segmenter/yolo26x_seg_1280/model.onnx
          format: onnx
          sha256: d5504a5d6fcb77f7389c37b6486e0c809ced82da1bb4225c30d0538b71adbd98
          bytes: 251238128
          optional: false
        - src: torchscript/model.torchscript
          dest: specimen_segmenter/yolo26x_seg_1280/model.torchscript
          format: torchscript
          sha256: bdd44d655d2fef3f8da7069ce489e24b9e985999f452ec16dd5863cba0dc15e4
          bytes: 252187679
          optional: false
        - src: pytorch/best.pt
          dest: specimen_segmenter/yolo26x_seg_1280/best.pt
          format: pytorch
          sha256: 89d2d9f30fa4d351e8e6af4c3169d96c5e56cc73b754fdea2cbbe748993bd0d3
          bytes: 141815678
          optional: false
        - src: training_metadata.json
          dest: specimen_segmenter/yolo26x_seg_1280/training_metadata.json
          format: meta
          sha256: 15fd52a6f2290a6269ca5968b482187f1fda82f0768cf4d251a353d004ae833d
          bytes: 7405
          optional: true
  archival_detector:
    yolo26n_det_640:
      settings:
        imgsz: 640
      units:
      - repo_id: phyloforfun/lm3_archival_detector__yolo26n_det_640
        revision: c2f242e27624579b97efcde438c9e44e06934413
        model_key: yolo26n_det_640
        files:
        - src: onnx/model.onnx
          dest: archival_detector/yolo26n_det_640/model.onnx
          format: onnx
          sha256: 385ec30ba28378e20123b3ff5428532674977248088904b129b8b67ea4ce415b
          bytes: 9748211
          optional: false
        - src: torchscript/model.torchscript
          dest: archival_detector/yolo26n_det_640/model.torchscript
          format: torchscript
          sha256: 10c52281ca63e550aecc5c6f0e12900fbfee96735dc1083496ca92a789aa2519
          bytes: 10115561
          optional: false
        - src: pytorch/best.pt
          dest: archival_detector/yolo26n_det_640/best.pt
          format: pytorch
          sha256: ce82eb7a04ebdf70cd16b2fe82429dbc2e4977d6b07ac80d3a1937acb2f29133
          bytes: 5420153
          optional: false
        - src: training_metadata.json
          dest: archival_detector/yolo26n_det_640/training_metadata.json
          format: meta
          sha256: addebed5a4e3d551ed85e72da24a674a4bb91c8a3bf6ba5cce885b6be418b79a
          bytes: 1735
          optional: true
  plant_detector:
    yolo26n_det_640:
      settings:
        imgsz: 640
      units:
      - repo_id: phyloforfun/lm3_plant_detector__yolo26n_det_640
        revision: 04ea40e3b88101d33f8da4331abab85d1e7d1fb4
        model_key: yolo26n_det_640
        files:
        - src: onnx/model.onnx
          dest: plant_detector/yolo26n_det_640/model.onnx
          format: onnx
          sha256: 5302431f21319d7848610f064073362c8605f9a63907fbd77aab55c653f01dfd
          bytes: 9778200
          optional: false
        - src: torchscript/model.torchscript
          dest: plant_detector/yolo26n_det_640/model.torchscript
          format: torchscript
          sha256: 110480159cf892ebaf4c5a265f04b3ee7f3798c2f9fb76341aa0a2450a8a1ae7
          bytes: 10114665
          optional: false
        - src: pytorch/best.pt
          dest: plant_detector/yolo26n_det_640/best.pt
          format: pytorch
          sha256: 60d4d356a12c77a2df37a4ba9a34899e406d0bb94fc9ed5ae6ec3962b1945d43
          bytes: 5414905
          optional: false
        - src: training_metadata.json
          dest: plant_detector/yolo26n_det_640/training_metadata.json
          format: meta
          sha256: f89e4eb657159b02f650b03c67d9b3b17f85e4a03e509ccad99797470a82e477
          bytes: 1756
          optional: true
