# GENERATED by tools/modelhub/build_lock.py -- do not hand-edit. See DEPLOYMENT_PLAN.md section 7.2.
schema_version: 1
lm3_version: 3.0.1002
hub_namespace: phyloforfun
generated_at: '2026-10-08T16:46:56+00:00'
default_formats:
- onnx
- json
actions:
  archival_detector:
    required: true
    activatable: true
    settings:
      imgsz: 1280
    units:
    - repo_id: phyloforfun/lm3_archival_detector__yolo26x_det_1280
      revision: 519b73c6c5bf60ec83bcc5ac4d44ed2d478408bb
      model_key: yolo26x_det_1280
      files:
      - src: onnx/model.onnx
        dest: archival_detector/model.onnx
        format: onnx
        sha256: 69bd256bf876444b57955d8b4a3ee34ce5f18a37d5282f703d1294bf39c5a631
        bytes: 222941072
        optional: false
      - src: torchscript/model.torchscript
        dest: archival_detector/model.torchscript
        format: torchscript
        sha256: 9f76d7e97a4fc4a15ae7a69d3bc3d764ed7688a7842cb168ac6e9fc737c6d417
        bytes: 223810789
        optional: false
      - src: pytorch/best.pt
        dest: archival_detector/best.pt
        format: pytorch
        sha256: ba396c69a00e75ffae237d007b8a5f082e0226355f6ec2b399385452550f153b
        bytes: 118463834
        optional: false
      - src: training_metadata.json
        dest: archival_detector/training_metadata.json
        format: meta
        sha256: 09324b10a0c9b515a14b4e2a291cea18af3cff513b94264431ec502e6143aa88
        bytes: 1738
        optional: true
      - src: coreml/model.mlpackage/Data/com.apple.CoreML/model.mlmodel
        dest: archival_detector/coreml/model.mlpackage/Data/com.apple.CoreML/model.mlmodel
        format: coreml
        sha256: f8e84acc57bacb21662e61799afebeaad65f4093d06a655758978da421ccce4f
        bytes: 298491
        optional: false
      - src: coreml/model.mlpackage/Data/com.apple.CoreML/weights/weight.bin
        dest: archival_detector/coreml/model.mlpackage/Data/com.apple.CoreML/weights/weight.bin
        format: coreml
        sha256: 45b74e22b3fe290c140fd1247111986f6937e2fbfb705de8a2187426328711d2
        bytes: 111510848
        optional: false
      - src: coreml/model.mlpackage/Manifest.json
        dest: archival_detector/coreml/model.mlpackage/Manifest.json
        format: coreml
        sha256: b7964df99c5404f699f606e40563be6bd9ad1a0ec69d9c7a2290735cb6d1162c
        bytes: 617
        optional: false
      - src: openvino/model_openvino_model/best.bin
        dest: archival_detector/openvino/model_openvino_model/best.bin
        format: openvino
        sha256: dbf29ad49de5114dcee34284379a3cb92fde0c992764555e2e3f45efeb367fba
        bytes: 222979328
        optional: false
      - src: openvino/model_openvino_model/best.xml
        dest: archival_detector/openvino/model_openvino_model/best.xml
        format: openvino
        sha256: b2753a5804a64206cb5393f12667fb8f4a3b86ba8e7d0088ae45c395174ac750
        bytes: 582099
        optional: false
      - src: openvino/model_openvino_model/metadata.yaml
        dest: archival_detector/openvino/model_openvino_model/metadata.yaml
        format: openvino
        sha256: dc458f0b9ab5e44e89eaf8efd10db23ea51c4e641e8fdd948d236066a386fe98
        bytes: 576
        optional: false
  plant_detector:
    required: true
    activatable: true
    settings:
      imgsz: 1280
    units:
    - repo_id: phyloforfun/lm3_plant_detector__yolo26x_det_1280
      revision: 2f36f0e890e1eac5e57fe374acf7c9a3a8b3257d
      model_key: yolo26x_det_1280
      files:
      - src: onnx/model.onnx
        dest: plant_detector/model.onnx
        format: onnx
        sha256: 3537bbe8a30c0149fbf8aab5e83d9e52f077840c891c9878ea4a1d31adfa94a6
        bytes: 222957239
        optional: false
      - src: torchscript/model.torchscript
        dest: plant_detector/model.torchscript
        format: torchscript
        sha256: 18270d8cc5ef46e30b24920a45f0defefc93795924936b9ac2506c9523d6c30f
        bytes: 223809509
        optional: false
      - src: pytorch/best.pt
        dest: plant_detector/best.pt
        format: pytorch
        sha256: da5c059288ea5a93840d3a5b43772c56e2e05b07691ffe4c849f6db595bcfb70
        bytes: 118453530
        optional: false
      - src: training_metadata.json
        dest: plant_detector/training_metadata.json
        format: meta
        sha256: 84df88d62d51c6e8fdab20e6f3d88daa9c7ce51ae507b8ab2f762681ecde587e
        bytes: 1758
        optional: true
      - src: coreml/model.mlpackage/Data/com.apple.CoreML/model.mlmodel
        dest: plant_detector/coreml/model.mlpackage/Data/com.apple.CoreML/model.mlmodel
        format: coreml
        sha256: cb263048de2cc669fceca2a561d24a649a617a39fd30415d64cdc84a2229fbf8
        bytes: 298519
        optional: false
      - src: coreml/model.mlpackage/Data/com.apple.CoreML/weights/weight.bin
        dest: plant_detector/coreml/model.mlpackage/Data/com.apple.CoreML/weights/weight.bin
        format: coreml
        sha256: 5fcda846b72ce7e8fb9b99b6a761111fb451926e1bfae261f2cfc62807a14178
        bytes: 111510848
        optional: false
      - src: coreml/model.mlpackage/Manifest.json
        dest: plant_detector/coreml/model.mlpackage/Manifest.json
        format: coreml
        sha256: f56f9cc286e58d43c4a8dddc040fb3391c6842c287e08c8caacc2a0d115c8e57
        bytes: 617
        optional: false
      - src: openvino/model_openvino_model/best.bin
        dest: plant_detector/openvino/model_openvino_model/best.bin
        format: openvino
        sha256: 45963644d44016a6ecb8a382e8535cba44a2a99d4351ef2ee891c8783fd9b461
        bytes: 222979328
        optional: false
      - src: openvino/model_openvino_model/best.xml
        dest: plant_detector/openvino/model_openvino_model/best.xml
        format: openvino
        sha256: 02daaa566f5e1ab0cce3edebe1d1d458f84c0f2f17642e6a7dec3cd43455fad6
        bytes: 582121
        optional: false
      - src: openvino/model_openvino_model/metadata.yaml
        dest: plant_detector/openvino/model_openvino_model/metadata.yaml
        format: openvino
        sha256: 5cea9829c6e6c7b382a2050046cbc0ea7d4c9e4862580e09b466a37320ee5ce0
        bytes: 603
        optional: false
  landmark_detector:
    required: true
    activatable: false
    settings:
      imgsz: 640
    units:
    - repo_id: phyloforfun/lm3_landmark_detector__yolo26x_pose_640
      revision: 11d8ef0b5d75214e3a0c6370e27f18f01116ee12
      model_key: yolo26x_pose_640
      files:
      - src: onnx/model.onnx
        dest: landmark_detector/model.onnx
        format: onnx
        sha256: 1d1b81d4f2912dc58edb6c95a06555d1bc05ac63e603ec62b5c28064c60678e6
        bytes: 236379651
        optional: false
      - src: torchscript/model.torchscript
        dest: landmark_detector/model.torchscript
        format: torchscript
        sha256: 28a3a4762b0b33e7966a50d32d6ae32ce1b44fc3714838acbc8b6c13d162f2f0
        bytes: 236973801
        optional: false
      - src: pytorch/best.pt
        dest: landmark_detector/best.pt
        format: pytorch
        sha256: 6a53ae4a8fa10826eab657207ee9736d60da34b1e1c9909f93eb4a45f59fb1e6
        bytes: 132134450
        optional: false
      - src: training_metadata.json
        dest: landmark_detector/training_metadata.json
        format: meta
        sha256: e3d2f290653e2539e5c26c6e6011159f3ef8c60fd975d6220e64dd35d5ae5f7e
        bytes: 3344
        optional: true
      - src: coreml/model.mlpackage/Data/com.apple.CoreML/model.mlmodel
        dest: landmark_detector/coreml/model.mlpackage/Data/com.apple.CoreML/model.mlmodel
        format: coreml
        sha256: 136d413cd3e0c69a4562e9610aef2660ac7541492d48b95e9c3b0bb13a42e157
        bytes: 315718
        optional: false
      - src: coreml/model.mlpackage/Data/com.apple.CoreML/weights/weight.bin
        dest: landmark_detector/coreml/model.mlpackage/Data/com.apple.CoreML/weights/weight.bin
        format: coreml
        sha256: 8ec1f4466c2500739b18dbd7a745760578f528b9a0400eb31865c9b6439c276f
        bytes: 118119488
        optional: false
      - src: coreml/model.mlpackage/Manifest.json
        dest: landmark_detector/coreml/model.mlpackage/Manifest.json
        format: coreml
        sha256: 50045c6bbf1c30aed2eb9cadfff47c74761e16532fe6fbbe1bc7c3b7c7cd1a64
        bytes: 617
        optional: false
      - src: openvino/model_openvino_model/best.bin
        dest: landmark_detector/openvino/model_openvino_model/best.bin
        format: openvino
        sha256: 795a12ffc64247412df8f363a2fb942bb3da390a2c0e0d5700e9297d8a815ee5
        bytes: 236193380
        optional: false
      - src: openvino/model_openvino_model/best.xml
        dest: landmark_detector/openvino/model_openvino_model/best.xml
        format: openvino
        sha256: 38ff887ef3a0eb63209a3bb3971a08b40b3d5c719cae250b48a8f0b655e3e15c
        bytes: 619039
        optional: false
      - src: openvino/model_openvino_model/metadata.yaml
        dest: landmark_detector/openvino/model_openvino_model/metadata.yaml
        format: openvino
        sha256: 821f8648e75a2fefb9abf9fa15d88e3108b5cc6e8f20c7dac1e7288c5ed3475a
        bytes: 782
        optional: false
  leaf_segmenter:
    required: true
    activatable: true
    settings:
      imgsz: 1024
    units:
    - repo_id: phyloforfun/lm3_leaf_segmenter__yolo26x_seg_1024
      revision: 64331bb7685863c7b3e8453cd2dfcc8a98724907
      model_key: yolo26x_seg_1024
      files:
      - src: onnx/model.onnx
        dest: leaf_segmenter/model.onnx
        format: onnx
        sha256: 6ae1521aeacd900aa84f3a1a2ec36112ac2a6675f2f1167e7cb24e370d0a26de
        bytes: 251223453
        optional: false
      - src: torchscript/model.torchscript
        dest: leaf_segmenter/model.torchscript
        format: torchscript
        sha256: b1620f98ba8676ee10e8d17704bc9fb7fcb4eb2c424798618cf7b3af90735688
        bytes: 252051743
        optional: false
      - src: pytorch/best.pt
        dest: leaf_segmenter/best.pt
        format: pytorch
        sha256: 4d0378d4976a7111434abb3c495f45a25c04a23d44327a0026b8a2839be21315
        bytes: 141764670
        optional: false
      - src: training_metadata.json
        dest: leaf_segmenter/training_metadata.json
        format: meta
        sha256: 0eae35356756039c00d27b58deda925b9a789fd70b6c996d724a7062d1d774a5
        bytes: 1998
        optional: true
      - src: coreml/model.mlpackage/Data/com.apple.CoreML/model.mlmodel
        dest: leaf_segmenter/coreml/model.mlpackage/Data/com.apple.CoreML/model.mlmodel
        format: coreml
        sha256: 0cb47db0aacc5a2708a78efbb4f8d75f4989e5f7bd230216998f122e674212ef
        bytes: 326643
        optional: false
      - src: coreml/model.mlpackage/Data/com.apple.CoreML/weights/weight.bin
        dest: leaf_segmenter/coreml/model.mlpackage/Data/com.apple.CoreML/weights/weight.bin
        format: coreml
        sha256: 7987b036b22a2d175cbbdb782969e175a36036c32e6d3a7032df5220de40ec67
        bytes: 125612864
        optional: false
      - src: coreml/model.mlpackage/Manifest.json
        dest: leaf_segmenter/coreml/model.mlpackage/Manifest.json
        format: coreml
        sha256: fb601a9b8471b0f18c6f5f368582c306fe48be36a126c3f42225cc61802ff3f9
        bytes: 617
        optional: false
      - src: openvino/model_openvino_model/best.bin
        dest: leaf_segmenter/openvino/model_openvino_model/best.bin
        format: openvino
        sha256: 7ce82d3966f6e035d3c8cd3b4a3cde8cc31a23770ec2cbbf024b4682cc84203a
        bytes: 251179264
        optional: false
      - src: openvino/model_openvino_model/best.xml
        dest: leaf_segmenter/openvino/model_openvino_model/best.xml
        format: openvino
        sha256: ad70f6d5a4bac4b5f17360ff104fcd119ff56a2c61d6e4f981e130922eccf976
        bytes: 637363
        optional: false
      - src: openvino/model_openvino_model/metadata.yaml
        dest: leaf_segmenter/openvino/model_openvino_model/metadata.yaml
        format: openvino
        sha256: 96ea14ac13210628b46eacd81a580844f75b24c7d5bccc6093ac29e7113922ab
        bytes: 494
        optional: false
  specimen_segmenter:
    required: true
    activatable: true
    settings:
      imgsz: 1024
    units:
    - repo_id: phyloforfun/lm3_specimen_segmenter__unetpp_effb7_1024
      revision: 88590ba1424f561b06de74c48692262403074e41
      model_key: unetpp_effb7_1024
      files:
      - src: onnx/model.onnx
        dest: specimen_segmenter/unet_masksFromSam3_paperclean_control_1024.onnx
        format: onnx
        sha256: 170750836d22700e8c61f2b106f9ace645d2ca8c9a3d0656ea660120f2f5d3f6
        bytes: 265719233
        optional: false
      - src: torchscript/model.torchscript.pt
        dest: specimen_segmenter/unet_masksFromSam3_paperclean_control_1024.torchscript.pt
        format: torchscript
        sha256: 716b172500e3ba736c968497f38546346887068460ec2ca1aa5f3e3cd302c5ce
        bytes: 275962164
        optional: false
      - src: pytorch/best.pt
        dest: specimen_segmenter/best.pt
        format: pytorch
        sha256: 3264ba901e173485ea45ae247c67f3042fbdf5ab14f41624bdd9e3f769d87c42
        bytes: 548646686
        optional: false
      - src: training_metadata.json
        dest: specimen_segmenter/training_metadata.json
        format: meta
        sha256: 69466f9587cbf2679dae53f7553e9e9ba420e9b783e585fcc188358d6e148049
        bytes: 4958
        optional: true
      - src: coreml/model.mlpackage/Data/com.apple.CoreML/model.mlmodel
        dest: specimen_segmenter/coreml/model.mlpackage/Data/com.apple.CoreML/model.mlmodel
        format: coreml
        sha256: b8bda5d48c7d0aa5f71b170307c4e1bd2cfc4f78c7e341c4aea8b1dbad63141f
        bytes: 510843
        optional: false
      - src: coreml/model.mlpackage/Data/com.apple.CoreML/weights/weight.bin
        dest: specimen_segmenter/coreml/model.mlpackage/Data/com.apple.CoreML/weights/weight.bin
        format: coreml
        sha256: 0958e2392f22c779db50e98c3e750801619b2b68318d6c142e500af53cb94638
        bytes: 132770272
        optional: false
      - src: coreml/model.mlpackage/Manifest.json
        dest: specimen_segmenter/coreml/model.mlpackage/Manifest.json
        format: coreml
        sha256: 9bb725494817df400c4e36ee7246d882604e57ae8b9a3a47bd761e2ba95e7c06
        bytes: 617
        optional: false
  mp_conversion_factor:
    required: true
    activatable: false
    units:
    - repo_id: phyloforfun/lm3_mp_conversion_factor__sqrt_fit
      revision: 3b03c05c6c140f724e65561d825970264c14f97d
      model_key: sqrt_fit
      files:
      - src: json/model.json
        dest: mp_conversion_factor/model.json
        format: json
        sha256: 2b5f01bc812bdfbd17538342282492c07ecccc2da0c297126e9323dece9c3fd8
        bytes: 513
        optional: false
      - src: fit/fit_data.csv
        dest: mp_conversion_factor/fit_data.csv
        format: meta
        sha256: 4579bfb28cb4d9fa246392052c638f89c3cf509462084b3080604452ba437760
        bytes: 53371
        optional: true
      - src: fit/fit_mp_cf.py
        dest: mp_conversion_factor/fit_mp_cf.py
        format: meta
        sha256: ece858c597e3a45c36bca7407e02b096b0bf7f762e4b10fdb5b23543bff751ee
        bytes: 4742
        optional: true
  ruler_classifier:
    required: true
    activatable: false
    units:
    - repo_id: phyloforfun/lm3_ruler_classifier_ensemble__yolo26x_cls_224
      revision: 4581cc1b6dfe38bef3c22401802fb83828e7e41a
      model_key: yolo26x_cls_224
      files:
      - src: onnx/model.onnx
        dest: ruler_classifier/yolo26x_cls_224/exported/model.onnx
        format: onnx
        sha256: 7be07d0bd1f0f693de8a3b59238c0103741ef8b9e8adffb96d4d0064724c5988
        bytes: 113617934
        optional: false
      - src: pytorch/best.pt
        dest: ruler_classifier/yolo26x_cls_224/weights/best.pt
        format: pytorch
        sha256: 74b61c396d3314660cec6283a786552a6db5b9af00c851f4b172b2a6000c1633
        bytes: 57052273
        optional: false
      - src: training_metadata.json
        dest: ruler_classifier/yolo26x_cls_224/metadata.json
        format: meta
        sha256: 2bf17b5c7a6fa025c00b5261aaa605164f03c823f86ae526cc7b3fd15568f119
        bytes: 1139
        optional: false
      - src: label_map.json
        dest: ruler_classifier/label_map.json
        format: meta
        sha256: 0ce8b5a7f25860bcbd3a6f3bc4e2cc2576e780fb8d7fadaf1058bf559bd02c05
        bytes: 1244
        optional: false
      - src: coreml/model.mlpackage/Data/com.apple.CoreML/model.mlmodel
        dest: ruler_classifier/yolo26x_cls_224/coreml/model.mlpackage/Data/com.apple.CoreML/model.mlmodel
        format: coreml
        sha256: 07b78fcbdd89dc02a070882b691b884c4e833600d100014bc6c1a06a8240a4fe
        bytes: 144316
        optional: false
      - src: coreml/model.mlpackage/Data/com.apple.CoreML/weights/weight.bin
        dest: ruler_classifier/yolo26x_cls_224/coreml/model.mlpackage/Data/com.apple.CoreML/weights/weight.bin
        format: coreml
        sha256: b98667f530e097fe5e478daa28bdfcc43e138bca136ccbc4f278575913c35226
        bytes: 56722020
        optional: false
      - src: coreml/model.mlpackage/Manifest.json
        dest: ruler_classifier/yolo26x_cls_224/coreml/model.mlpackage/Manifest.json
        format: coreml
        sha256: 43a267fd5070661756027b9e6fe07e158d8cc5818d3c98f55f882f2cbdb7ba70
        bytes: 617
        optional: false
      - src: openvino/model_openvino_model/best.bin
        dest: ruler_classifier/yolo26x_cls_224/openvino/model_openvino_model/best.bin
        format: openvino
        sha256: e04f9df43489b608f9be2ec6bc7fe8a0582b3ce9b66ef6cb8d3424311d267cd1
        bytes: 113422052
        optional: false
      - src: openvino/model_openvino_model/best.xml
        dest: ruler_classifier/yolo26x_cls_224/openvino/model_openvino_model/best.xml
        format: openvino
        sha256: 540dce54e560aca61c751ad8c1242b3a65fb9ed930c77d376f95023a92e94043
        bytes: 271710
        optional: false
      - src: openvino/model_openvino_model/metadata.yaml
        dest: ruler_classifier/yolo26x_cls_224/openvino/model_openvino_model/metadata.yaml
        format: openvino
        sha256: 6aaba0df31dca3584445076d4f59bb1f30b1019c77136376ecddecb539e95911
        bytes: 796
        optional: false
      - src: torchscript/model.torchscript
        dest: ruler_classifier/yolo26x_cls_224/torchscript/model.torchscript
        format: torchscript
        sha256: 9e4e53f7eaa77da430c92279f8bb058e0ed6d10cd06e45cdb6a6ceea8339c973
        bytes: 113834917
        optional: false
    - repo_id: phyloforfun/lm3_ruler_classifier_ensemble__yolo26n_cls_224
      revision: c55574ec29ee3b2ecc487947eee185f4bb283d49
      model_key: yolo26n_cls_224
      files:
      - src: onnx/model.onnx
        dest: ruler_classifier/yolo26n_cls_224/exported/model.onnx
        format: onnx
        sha256: 4ab4898c6b4dd7a89c3f68f0f50a93d068cf2e8a69bbd859283d6d81e8efd01b
        bytes: 6294087
        optional: false
      - src: pytorch/best.pt
        dest: ruler_classifier/yolo26n_cls_224/weights/best.pt
        format: pytorch
        sha256: 588f8a2b6edaae7d354b65312a614c987165b0e0b9a6a32811ae9bf17c85bed1
        bytes: 3234939
        optional: false
      - src: training_metadata.json
        dest: ruler_classifier/yolo26n_cls_224/metadata.json
        format: meta
        sha256: 957e063ef8a30f4d1118eb06c61323dd9ca36864f4c1bbf9af8acc58d532e6e8
        bytes: 1139
        optional: false
      - src: coreml/model.mlpackage/Data/com.apple.CoreML/model.mlmodel
        dest: ruler_classifier/yolo26n_cls_224/coreml/model.mlpackage/Data/com.apple.CoreML/model.mlmodel
        format: coreml
        sha256: fbda84600836601038ae193b59b109d68f2a883a89e893a9674efeb51724db18
        bytes: 71583
        optional: false
      - src: coreml/model.mlpackage/Data/com.apple.CoreML/weights/weight.bin
        dest: ruler_classifier/yolo26n_cls_224/coreml/model.mlpackage/Data/com.apple.CoreML/weights/weight.bin
        format: coreml
        sha256: 2deb47495d3c4fdfc6b4aa91b6fa48f72a0ee394ba601802dac94311143504c2
        bytes: 3103396
        optional: false
      - src: coreml/model.mlpackage/Manifest.json
        dest: ruler_classifier/yolo26n_cls_224/coreml/model.mlpackage/Manifest.json
        format: coreml
        sha256: 0da2c4f6f36df81d532d04a635a2b99961cfba5ffac4025ea681bf5ddd87233d
        bytes: 617
        optional: false
      - src: openvino/model_openvino_model/best.bin
        dest: ruler_classifier/yolo26n_cls_224/openvino/model_openvino_model/best.bin
        format: openvino
        sha256: 7e65e1531097ffc0d4b5735b589f4a423e9a45076e4f5dd3dc8d0c4b57f15041
        bytes: 6196500
        optional: false
      - src: openvino/model_openvino_model/best.xml
        dest: ruler_classifier/yolo26n_cls_224/openvino/model_openvino_model/best.xml
        format: openvino
        sha256: d61112f06a6d30650de9ec10b79a1289ad10cfdfded1e07b835cd5872d33e8fa
        bytes: 134424
        optional: false
      - src: openvino/model_openvino_model/metadata.yaml
        dest: ruler_classifier/yolo26n_cls_224/openvino/model_openvino_model/metadata.yaml
        format: openvino
        sha256: 69d75f55e98c3ff8a813218c84934401ac9245ca16c3bbe8709ac212d042d012
        bytes: 796
        optional: false
      - src: torchscript/model.torchscript
        dest: ruler_classifier/yolo26n_cls_224/torchscript/model.torchscript
        format: torchscript
        sha256: 7ad776626475d02fee4d74aa7f293d66e78e1f6605a8a9dfc063356f7f404032
        bytes: 6392545
        optional: false
    - repo_id: phyloforfun/lm3_ruler_classifier_ensemble__dinov2_frozen_mlp
      revision: 3609c406cba16613974689d4188415796ef126e9
      model_key: dinov2_frozen_mlp
      files:
      - src: onnx/model.onnx
        dest: ruler_classifier/dinov2_frozen_mlp/exported/model.onnx
        format: onnx
        sha256: 18f7addd0f046897969b8593ac079b74fb2085a52a1c372f195c0716ff8336fc
        bytes: 348205461
        optional: false
      - src: pytorch/ckpt_best.pt
        dest: ruler_classifier/dinov2_frozen_mlp/weights/ckpt_best.pt
        format: pytorch
        sha256: 49ffcb3fdd8896b99714a02289c0cc75772fd63e3dadb9853fc1c38380d979f1
        bytes: 348025722
        optional: false
      - src: training_metadata.json
        dest: ruler_classifier/dinov2_frozen_mlp/metadata.json
        format: meta
        sha256: 973c8613b1d63042bea7b2551af65c3a8454145706296b151151d0e9949ead7c
        bytes: 604
        optional: false
alternates:
  specimen_segmenter:
    birefnet_hr_swinl_1024:
      units:
      - repo_id: phyloforfun/lm3_specimen_segmenter__birefnet_hr_swinl_1024
        revision: ac015972d111e63a76f3814fa4409a318c33d512
        model_key: birefnet_hr_swinl_1024
        files:
        - src: onnx/model.onnx
          dest: specimen_segmenter/birefnet_hr_swinl_1024/model.onnx
          format: onnx
          sha256: 823aa6a01693ee2db21b9dcae160c65ada841195d86460998e2cac76cf368e58
          bytes: 972595136
          optional: false
        - src: pytorch/epoch_145.pth
          dest: specimen_segmenter/birefnet_hr_swinl_1024/epoch_145.pth
          format: pytorch
          sha256: bf52db13f82a215a62ed71448fda81e069c64c05dfaa24c974b395fa6a8e60d7
          bytes: 885097082
          optional: false
        - src: training_metadata.json
          dest: specimen_segmenter/birefnet_hr_swinl_1024/training_metadata.json
          format: meta
          sha256: 5d34246ed0634bad185c5c2e6e57b8380bd81481076727c9fe6c17e8dea5af5c
          bytes: 7120
          optional: true
    yolo26x_seg_1280:
      units:
      - repo_id: phyloforfun/lm3_specimen_segmenter__yolo26x_seg_1280
        revision: a990ed8ae5d164a1665cc98e2108380879e1a9dc
        model_key: yolo26x_seg_1280
        files:
        - src: onnx/model.onnx
          dest: specimen_segmenter/yolo26x_seg_1280/model.onnx
          format: onnx
          sha256: d5504a5d6fcb77f7389c37b6486e0c809ced82da1bb4225c30d0538b71adbd98
          bytes: 251238128
          optional: false
        - src: torchscript/model.torchscript
          dest: specimen_segmenter/yolo26x_seg_1280/model.torchscript
          format: torchscript
          sha256: bdd44d655d2fef3f8da7069ce489e24b9e985999f452ec16dd5863cba0dc15e4
          bytes: 252187679
          optional: false
        - src: pytorch/best.pt
          dest: specimen_segmenter/yolo26x_seg_1280/best.pt
          format: pytorch
          sha256: 89d2d9f30fa4d351e8e6af4c3169d96c5e56cc73b754fdea2cbbe748993bd0d3
          bytes: 141815678
          optional: false
        - src: training_metadata.json
          dest: specimen_segmenter/yolo26x_seg_1280/training_metadata.json
          format: meta
          sha256: 15fd52a6f2290a6269ca5968b482187f1fda82f0768cf4d251a353d004ae833d
          bytes: 7405
          optional: true
        - src: coreml/model.mlpackage/Data/com.apple.CoreML/model.mlmodel
          dest: specimen_segmenter/yolo26x_seg_1280/coreml/model.mlpackage/Data/com.apple.CoreML/model.mlmodel
          format: coreml
          sha256: 5b52f5ab3b91a1b3f3cffdcbf39d6af2cf59713e87506f79796506b1ba3b8e6a
          bytes: 325981
          optional: false
        - src: coreml/model.mlpackage/Data/com.apple.CoreML/weights/weight.bin
          dest: specimen_segmenter/yolo26x_seg_1280/coreml/model.mlpackage/Data/com.apple.CoreML/weights/weight.bin
          format: coreml
          sha256: d7a7937cbb80973651fd9644395cf0eacad816e76af38d713f0eeb863b3a1e8a
          bytes: 125680832
          optional: false
        - src: coreml/model.mlpackage/Manifest.json
          dest: specimen_segmenter/yolo26x_seg_1280/coreml/model.mlpackage/Manifest.json
          format: coreml
          sha256: 3e5d2da442a176191b6261ebb039895c5895a86a739c5d3a488395d983d420cc
          bytes: 617
          optional: false
        - src: openvino/model_openvino_model/best.bin
          dest: specimen_segmenter/yolo26x_seg_1280/openvino/model_openvino_model/best.bin
          format: openvino
          sha256: a998ede260b8c0086265c665759f7eda9ec15b872b2108e96e271f5fb99a6ab6
          bytes: 251315152
          optional: false
        - src: openvino/model_openvino_model/best.xml
          dest: specimen_segmenter/yolo26x_seg_1280/openvino/model_openvino_model/best.xml
          format: openvino
          sha256: 4992d9b91888211e564798354c095524120a5bc8f70b79411ea936aca79e9cd3
          bytes: 636483
          optional: false
        - src: openvino/model_openvino_model/metadata.yaml
          dest: specimen_segmenter/yolo26x_seg_1280/openvino/model_openvino_model/metadata.yaml
          format: openvino
          sha256: 3889fe34a5edce1fc68f664a373b690560ff9e1d989e118bd2c75b655fcec2dc
          bytes: 527
          optional: false
  archival_detector:
    yolo26n_det_640:
      settings:
        imgsz: 640
      units:
      - repo_id: phyloforfun/lm3_archival_detector__yolo26n_det_640
        revision: c2f242e27624579b97efcde438c9e44e06934413
        model_key: yolo26n_det_640
        files:
        - src: onnx/model.onnx
          dest: archival_detector/yolo26n_det_640/model.onnx
          format: onnx
          sha256: 385ec30ba28378e20123b3ff5428532674977248088904b129b8b67ea4ce415b
          bytes: 9748211
          optional: false
        - src: torchscript/model.torchscript
          dest: archival_detector/yolo26n_det_640/model.torchscript
          format: torchscript
          sha256: 10c52281ca63e550aecc5c6f0e12900fbfee96735dc1083496ca92a789aa2519
          bytes: 10115561
          optional: false
        - src: pytorch/best.pt
          dest: archival_detector/yolo26n_det_640/best.pt
          format: pytorch
          sha256: ce82eb7a04ebdf70cd16b2fe82429dbc2e4977d6b07ac80d3a1937acb2f29133
          bytes: 5420153
          optional: false
        - src: training_metadata.json
          dest: archival_detector/yolo26n_det_640/training_metadata.json
          format: meta
          sha256: addebed5a4e3d551ed85e72da24a674a4bb91c8a3bf6ba5cce885b6be418b79a
          bytes: 1735
          optional: true
        - src: coreml/model.mlpackage/Data/com.apple.CoreML/model.mlmodel
          dest: archival_detector/yolo26n_det_640/coreml/model.mlpackage/Data/com.apple.CoreML/model.mlmodel
          format: coreml
          sha256: 3e0d8e40da6278fd79b86aee4851c42836dd23d27283b400c21bc1ed032ac4a9
          bytes: 190337
          optional: false
        - src: coreml/model.mlpackage/Data/com.apple.CoreML/weights/weight.bin
          dest: archival_detector/yolo26n_det_640/coreml/model.mlpackage/Data/com.apple.CoreML/weights/weight.bin
          format: coreml
          sha256: 2c4c92c7dca28c54a73bb0597615593867497a80502febad8808099365a6934c
          bytes: 4816800
          optional: false
        - src: coreml/model.mlpackage/Manifest.json
          dest: archival_detector/yolo26n_det_640/coreml/model.mlpackage/Manifest.json
          format: coreml
          sha256: 30b458edb01d4fd54bde825cbb4dcb3f614791a975979be29a6cd75ca0f85d4d
          bytes: 617
          optional: false
        - src: openvino/model_openvino_model/best.bin
          dest: archival_detector/yolo26n_det_640/openvino/model_openvino_model/best.bin
          format: openvino
          sha256: 062aec809c226c80d0868f597499a79331ff435b1648db39b9b96bc6adbf657f
          bytes: 9607536
          optional: false
        - src: openvino/model_openvino_model/best.xml
          dest: archival_detector/yolo26n_det_640/openvino/model_openvino_model/best.xml
          format: openvino
          sha256: 5868699c8161701060cddaebd1e5db7e6e2626e476fafeec0b49b7305eb93767
          bytes: 377243
          optional: false
        - src: openvino/model_openvino_model/metadata.yaml
          dest: archival_detector/yolo26n_det_640/openvino/model_openvino_model/metadata.yaml
          format: openvino
          sha256: 28a819ad204a32db11367f24aa551c1fbcb7110eb795a52016fc16fbfc12b58c
          bytes: 574
          optional: false
  plant_detector:
    yolo26n_det_640:
      settings:
        imgsz: 640
      units:
      - repo_id: phyloforfun/lm3_plant_detector__yolo26n_det_640
        revision: 04ea40e3b88101d33f8da4331abab85d1e7d1fb4
        model_key: yolo26n_det_640
        files:
        - src: onnx/model.onnx
          dest: plant_detector/yolo26n_det_640/model.onnx
          format: onnx
          sha256: 5302431f21319d7848610f064073362c8605f9a63907fbd77aab55c653f01dfd
          bytes: 9778200
          optional: false
        - src: torchscript/model.torchscript
          dest: plant_detector/yolo26n_det_640/model.torchscript
          format: torchscript
          sha256: 110480159cf892ebaf4c5a265f04b3ee7f3798c2f9fb76341aa0a2450a8a1ae7
          bytes: 10114665
          optional: false
        - src: pytorch/best.pt
          dest: plant_detector/yolo26n_det_640/best.pt
          format: pytorch
          sha256: 60d4d356a12c77a2df37a4ba9a34899e406d0bb94fc9ed5ae6ec3962b1945d43
          bytes: 5414905
          optional: false
        - src: training_metadata.json
          dest: plant_detector/yolo26n_det_640/training_metadata.json
          format: meta
          sha256: f89e4eb657159b02f650b03c67d9b3b17f85e4a03e509ccad99797470a82e477
          bytes: 1756
          optional: true
        - src: coreml/model.mlpackage/Data/com.apple.CoreML/model.mlmodel
          dest: plant_detector/yolo26n_det_640/coreml/model.mlpackage/Data/com.apple.CoreML/model.mlmodel
          format: coreml
          sha256: 3f879f3a5c13dd48b829d657606f720012deeda92d5690cb8c320f8fd2211db4
          bytes: 190365
          optional: false
        - src: coreml/model.mlpackage/Data/com.apple.CoreML/weights/weight.bin
          dest: plant_detector/yolo26n_det_640/coreml/model.mlpackage/Data/com.apple.CoreML/weights/weight.bin
          format: coreml
          sha256: 40243e3b114bf3d0520c94ed9d38fb8d24d4982cc43cb9b836b86c9d3198dc39
          bytes: 4816800
          optional: false
        - src: coreml/model.mlpackage/Manifest.json
          dest: plant_detector/yolo26n_det_640/coreml/model.mlpackage/Manifest.json
          format: coreml
          sha256: 1210cddd43a541fcd3bdb591853aab02626969768f4d240a413c1e27f0174b1a
          bytes: 617
          optional: false
        - src: openvino/model_openvino_model/best.bin
          dest: plant_detector/yolo26n_det_640/openvino/model_openvino_model/best.bin
          format: openvino
          sha256: c8d533366a573b4865b0cc9fe4e98ab192b181ee49c6aceb4483e60aca8848bf
          bytes: 9607536
          optional: false
        - src: openvino/model_openvino_model/best.xml
          dest: plant_detector/yolo26n_det_640/openvino/model_openvino_model/best.xml
          format: openvino
          sha256: d4a35217d6a97a2faf8b4aba20a46f5a941c4ee597a14d88acfbd2534c6eb7c4
          bytes: 377265
          optional: false
        - src: openvino/model_openvino_model/metadata.yaml
          dest: plant_detector/yolo26n_det_640/openvino/model_openvino_model/metadata.yaml
          format: openvino
          sha256: 8ec906d71f3d9f7c6a13911cfd3fe65fe4ad5443c0724706031e80e2e398822c
          bytes: 601
          optional: false
